
Microsoft Visual Studio Solution File, Format Version 12.00
Project("{FAE04EC0-301F-11D3-BF4B-00C04F79EFBC}") = "Learning3", "Learning3\Learning3.csproj", "{6CA8DA02-1E24-4881-9A05-83956F9ED71A}"
EndProject
Global
	GlobalSection(SolutionConfigurationPlatforms) = preSolution
		Debug|Any CPU = Debug|Any CPU
		Release|Any CPU = Release|Any CPU
	EndGlobalSection
	GlobalSection(ProjectConfigurationPlatforms) = postSolution
		{6CA8DA02-1E24-4881-9A05-83956F9ED71A}.Debug|Any CPU.ActiveCfg = Debug|Any CPU
		{6CA8DA02-1E24-4881-9A05-83956F9ED71A}.Debug|Any CPU.Build.0 = Debug|Any CPU
		{6CA8DA02-1E24-4881-9A05-83956F9ED71A}.Release|Any CPU.ActiveCfg = Release|Any CPU
		{6CA8DA02-1E24-4881-9A05-83956F9ED71A}.Release|Any CPU.Build.0 = Release|Any CPU
	EndGlobalSection
EndGlobal
